
Microsoft Visual Studio Solution File, Format Version 12.00
# Visual Studio Version 17
VisualStudioVersion = 17.7.34024.191
MinimumVisualStudioVersion = 10.0.40219.1
Project("{9A19103F-16F7-4668-BE54-9A1E7A4F7556}") = "PlanesTuristicos", "PlanesTuristicos\PlanesTuristicos.csproj", "{FBB7CC47-3661-4543-BEC8-5C08D8BE7F97}"
EndProject
Global
	GlobalSection(SolutionConfigurationPlatforms) = preSolution
		Debug|Any CPU = Debug|Any CPU
		Release|Any CPU = Release|Any CPU
	EndGlobalSection
	GlobalSection(ProjectConfigurationPlatforms) = postSolution
		{FBB7CC47-3661-4543-BEC8-5C08D8BE7F97}.Debug|Any CPU.ActiveCfg = Debug|Any CPU
		{FBB7CC47-3661-4543-BEC8-5C08D8BE7F97}.Debug|Any CPU.Build.0 = Debug|Any CPU
		{FBB7CC47-3661-4543-BEC8-5C08D8BE7F97}.Release|Any CPU.ActiveCfg = Release|Any CPU
		{FBB7CC47-3661-4543-BEC8-5C08D8BE7F97}.Release|Any CPU.Build.0 = Release|Any CPU
	EndGlobalSection
	GlobalSection(SolutionProperties) = preSolution
		HideSolutionNode = FALSE
	EndGlobalSection
	GlobalSection(ExtensibilityGlobals) = postSolution
		SolutionGuid = {EA4D7296-2C2E-47BC-A4D5-E212C82C5AB2}
	EndGlobalSection
EndGlobal
